
Microsoft Visual Studio Solution File, Format Version 12.00
# Visual Studio 15
VisualStudioVersion = 15.0.28010.2046
MinimumVisualStudioVersion = 10.0.40219.1
Project("{F2A71F9B-5D33-465A-A702-920D77279786}") = "Circles.App", "Circles.App\Circles.App.fsproj", "{A61CEE76-E64C-4440-B842-B8A105C17A42}"
EndProject
Global
	GlobalSection(SolutionConfigurationPlatforms) = preSolution
		Debug|Any CPU = Debug|Any CPU
		Release|Any CPU = Release|Any CPU
	EndGlobalSection
	GlobalSection(ProjectConfigurationPlatforms) = postSolution
		{A61CEE76-E64C-4440-B842-B8A105C17A42}.Debug|Any CPU.ActiveCfg = Debug|Any CPU
		{A61CEE76-E64C-4440-B842-B8A105C17A42}.Debug|Any CPU.Build.0 = Debug|Any CPU
		{A61CEE76-E64C-4440-B842-B8A105C17A42}.Debug|Any CPU.Deploy.0 = Debug|Any CPU
		{A61CEE76-E64C-4440-B842-B8A105C17A42}.Release|Any CPU.ActiveCfg = Release|Any CPU
		{A61CEE76-E64C-4440-B842-B8A105C17A42}.Release|Any CPU.Build.0 = Release|Any CPU
		{A61CEE76-E64C-4440-B842-B8A105C17A42}.Release|Any CPU.Deploy.0 = Release|Any CPU
	EndGlobalSection
	GlobalSection(SolutionProperties) = preSolution
		HideSolutionNode = FALSE
	EndGlobalSection
	GlobalSection(ExtensibilityGlobals) = postSolution
		SolutionGuid = {11AB9B54-3A69-4123-B29E-F909924751AC}
	EndGlobalSection
EndGlobal
